<?xml version="1.0" encoding="utf-8"?>
<Project ToolsVersion="4.0" xmlns="http://schemas.microsoft.com/developer/msbuild/2003">
  <ItemGroup>
    <Filter Include="Source Files">
      <UniqueIdentifier>{4FC737F1-C7A5-4376-A066-2A32D752A2FF}</UniqueIdentifier>
      <Extensions>cpp;c;cc;cxx;def;odl;idl;hpj;bat;asm;asmx</Extensions>
    </Filter>
    <Filter Include="Header Files">
      <UniqueIdentifier>{93995380-89BD-4b04-88EB-625FBE52EBFB}</UniqueIdentifier>
      <Extensions>h;hh;hpp;hxx;hm;inl;inc;ipp;xsd</Extensions>
    </Filter>
    <Filter Include="Resource Files">
      <UniqueIdentifier>{67DA6AB6-F800-4c08-8B7A-83BB121AAD01}</UniqueIdentifier>
      <Extensions>rc;ico;cur;bmp;dlg;rc2;rct;bin;rgs;gif;jpg;jpeg;jpe;resx;tiff;tif;png;wav;mfcribbon-ms</Extensions>
    </Filter>
    <Filter Include="libsmacker">
      <UniqueIdentifier>{febe26a3-4dff-4c52-a500-a7a64691dd69}</UniqueIdentifier>
    </Filter>
    <Filter Include="rmpq">
      <UniqueIdentifier>{cf6eb273-faf6-492b-bc06-8d77535a3b36}</UniqueIdentifier>
    </Filter>
    <Filter Include="storm">
      <UniqueIdentifier>{7ac0ece5-52d2-4fb2-8b14-1401627df750}</UniqueIdentifier>
    </Filter>
    <Filter Include="ui">
      <UniqueIdentifier>{735a7bca-f5f1-478b-86d8-ae7bc8cb4932}</UniqueIdentifier>
    </Filter>
    <Filter Include="glue">
      <UniqueIdentifier>{68593ece-b688-4b42-a298-1eb34a20d9de}</UniqueIdentifier>
    </Filter>
    <Filter Include="zlib">
      <UniqueIdentifier>{4ce0dfc7-4439-43f3-a5fe-2ddcb9d9e0e9}</UniqueIdentifier>
    </Filter>
    <Filter Include="net">
      <UniqueIdentifier>{f33ecc77-7daf-41b0-b81f-c6203a20fc7e}</UniqueIdentifier>
    </Filter>
  </ItemGroup>
  <ItemGroup>
    <ClCompile Include="Source\automap.cpp">
      <Filter>Source Files</Filter>
    </ClCompile>
    <ClCompile Include="Source\capture.cpp">
      <Filter>Source Files</Filter>
    </ClCompile>
    <ClCompile Include="Source\codec.cpp">
      <Filter>Source Files</Filter>
    </ClCompile>
    <ClCompile Include="Source\control.cpp">
      <Filter>Source Files</Filter>
    </ClCompile>
    <ClCompile Include="Source\cursor.cpp">
      <Filter>Source Files</Filter>
    </ClCompile>
    <ClCompile Include="Source\dead.cpp">
      <Filter>Source Files</Filter>
    </ClCompile>
    <ClCompile Include="Source\debug.cpp">
      <Filter>Source Files</Filter>
    </ClCompile>
    <ClCompile Include="Source\diablo.cpp">
      <Filter>Source Files</Filter>
    </ClCompile>
    <ClCompile Include="Source\doom.cpp">
      <Filter>Source Files</Filter>
    </ClCompile>
    <ClCompile Include="Source\drlg_l1.cpp">
      <Filter>Source Files</Filter>
    </ClCompile>
    <ClCompile Include="Source\drlg_l2.cpp">
      <Filter>Source Files</Filter>
    </ClCompile>
    <ClCompile Include="Source\drlg_l3.cpp">
      <Filter>Source Files</Filter>
    </ClCompile>
    <ClCompile Include="Source\drlg_l4.cpp">
      <Filter>Source Files</Filter>
    </ClCompile>
    <ClCompile Include="Source\effects.cpp">
      <Filter>Source Files</Filter>
    </ClCompile>
    <ClCompile Include="Source\encrypt.cpp">
      <Filter>Source Files</Filter>
    </ClCompile>
    <ClCompile Include="Source\engine.cpp">
      <Filter>Source Files</Filter>
    </ClCompile>
    <ClCompile Include="Source\error.cpp">
      <Filter>Source Files</Filter>
    </ClCompile>
    <ClCompile Include="Source\gamemenu.cpp">
      <Filter>Source Files</Filter>
    </ClCompile>
    <ClCompile Include="Source\gendung.cpp">
      <Filter>Source Files</Filter>
    </ClCompile>
    <ClCompile Include="Source\gmenu.cpp">
      <Filter>Source Files</Filter>
    </ClCompile>
    <ClCompile Include="Source\help.cpp">
      <Filter>Source Files</Filter>
    </ClCompile>
    <ClCompile Include="Source\interfac.cpp">
      <Filter>Source Files</Filter>
    </ClCompile>
    <ClCompile Include="Source\inv.cpp">
      <Filter>Source Files</Filter>
    </ClCompile>
    <ClCompile Include="Source\itemdat.cpp">
      <Filter>Source Files</Filter>
    </ClCompile>
    <ClCompile Include="Source\items.cpp">
      <Filter>Source Files</Filter>
    </ClCompile>
    <ClCompile Include="Source\lighting.cpp">
      <Filter>Source Files</Filter>
    </ClCompile>
    <ClCompile Include="Source\loadsave.cpp">
      <Filter>Source Files</Filter>
    </ClCompile>
    <ClCompile Include="Source\minitext.cpp">
      <Filter>Source Files</Filter>
    </ClCompile>
    <ClCompile Include="Source\misdat.cpp">
      <Filter>Source Files</Filter>
    </ClCompile>
    <ClCompile Include="Source\missiles.cpp">
      <Filter>Source Files</Filter>
    </ClCompile>
    <ClCompile Include="Source\monstdat.cpp">
      <Filter>Source Files</Filter>
    </ClCompile>
    <ClCompile Include="Source\monster.cpp">
      <Filter>Source Files</Filter>
    </ClCompile>
    <ClCompile Include="Source\mpqapi.cpp">
      <Filter>Source Files</Filter>
    </ClCompile>
    <ClCompile Include="Source\msg.cpp">
      <Filter>Source Files</Filter>
    </ClCompile>
    <ClCompile Include="Source\msgcmd.cpp">
      <Filter>Source Files</Filter>
    </ClCompile>
    <ClCompile Include="Source\multi.cpp">
      <Filter>Source Files</Filter>
    </ClCompile>
    <ClCompile Include="Source\objdat.cpp">
      <Filter>Source Files</Filter>
    </ClCompile>
    <ClCompile Include="Source\objects.cpp">
      <Filter>Source Files</Filter>
    </ClCompile>
    <ClCompile Include="Source\pack.cpp">
      <Filter>Source Files</Filter>
    </ClCompile>
    <ClCompile Include="Source\palette.cpp">
      <Filter>Source Files</Filter>
    </ClCompile>
    <ClCompile Include="Source\path.cpp">
      <Filter>Source Files</Filter>
    </ClCompile>
    <ClCompile Include="Source\pfile.cpp">
      <Filter>Source Files</Filter>
    </ClCompile>
    <ClCompile Include="Source\player.cpp">
      <Filter>Source Files</Filter>
    </ClCompile>
    <ClCompile Include="Source\plrmsg.cpp">
      <Filter>Source Files</Filter>
    </ClCompile>
    <ClCompile Include="Source\portal.cpp">
      <Filter>Source Files</Filter>
    </ClCompile>
    <ClCompile Include="Source\quests.cpp">
      <Filter>Source Files</Filter>
    </ClCompile>
    <ClCompile Include="Source\render.cpp">
      <Filter>Source Files</Filter>
    </ClCompile>
    <ClCompile Include="Source\scrollrt.cpp">
      <Filter>Source Files</Filter>
    </ClCompile>
    <ClCompile Include="Source\setmaps.cpp">
      <Filter>Source Files</Filter>
    </ClCompile>
    <ClCompile Include="Source\sha.cpp">
      <Filter>Source Files</Filter>
    </ClCompile>
    <ClCompile Include="Source\spelldat.cpp">
      <Filter>Source Files</Filter>
    </ClCompile>
    <ClCompile Include="Source\spells.cpp">
      <Filter>Source Files</Filter>
    </ClCompile>
    <ClCompile Include="Source\stores.cpp">
      <Filter>Source Files</Filter>
    </ClCompile>
    <ClCompile Include="Source\sync.cpp">
      <Filter>Source Files</Filter>
    </ClCompile>
    <ClCompile Include="Source\textdat.cpp">
      <Filter>Source Files</Filter>
    </ClCompile>
    <ClCompile Include="Source\themes.cpp">
      <Filter>Source Files</Filter>
    </ClCompile>
    <ClCompile Include="Source\tmsg.cpp">
      <Filter>Source Files</Filter>
    </ClCompile>
    <ClCompile Include="Source\town.cpp">
      <Filter>Source Files</Filter>
    </ClCompile>
    <ClCompile Include="Source\towners.cpp">
      <Filter>Source Files</Filter>
    </ClCompile>
    <ClCompile Include="Source\track.cpp">
      <Filter>Source Files</Filter>
    </ClCompile>
    <ClCompile Include="Source\trigs.cpp">
      <Filter>Source Files</Filter>
    </ClCompile>
    <ClCompile Include="Source\wave.cpp">
      <Filter>Source Files</Filter>
    </ClCompile>
    <ClCompile Include="Source\libsmacker\smacker.c">
      <Filter>libsmacker</Filter>
    </ClCompile>
    <ClCompile Include="Source\libsmacker\smk_bitstream.c">
      <Filter>libsmacker</Filter>
    </ClCompile>
    <ClCompile Include="Source\libsmacker\smk_hufftree.c">
      <Filter>libsmacker</Filter>
    </ClCompile>
    <ClCompile Include="Source\rmpq\arccommon.cpp">
      <Filter>rmpq</Filter>
    </ClCompile>
    <ClCompile Include="Source\rmpq\archive.cpp">
      <Filter>rmpq</Filter>
    </ClCompile>
    <ClCompile Include="Source\rmpq\checksum.cpp">
      <Filter>rmpq</Filter>
    </ClCompile>
    <ClCompile Include="Source\rmpq\file.cpp">
      <Filter>rmpq</Filter>
    </ClCompile>
    <ClCompile Include="Source\rmpq\locale.cpp">
      <Filter>rmpq</Filter>
    </ClCompile>
    <ClCompile Include="Source\rmpq\adpcm\adpcm.cpp">
      <Filter>rmpq</Filter>
    </ClCompile>
    <ClCompile Include="Source\rmpq\huffman\huff.cpp">
      <Filter>rmpq</Filter>
    </ClCompile>
    <ClCompile Include="Source\rmpq\pklib\explode.c">
      <Filter>rmpq</Filter>
    </ClCompile>
    <ClCompile Include="Source\rmpq\pklib\implode.c">
      <Filter>rmpq</Filter>
    </ClCompile>
    <ClCompile Include="Source\storm\sbmp.cpp">
      <Filter>storm</Filter>
    </ClCompile>
    <ClCompile Include="Source\storm\smpq.cpp">
      <Filter>storm</Filter>
    </ClCompile>
    <ClCompile Include="Source\storm\sreg.cpp">
      <Filter>storm</Filter>
    </ClCompile>
    <ClCompile Include="Source\storm\storm.cpp">
      <Filter>storm</Filter>
    </ClCompile>
    <ClCompile Include="Source\ui\common.cpp">
      <Filter>ui</Filter>
    </ClCompile>
    <ClCompile Include="Source\ui\credits.cpp">
      <Filter>ui</Filter>
    </ClCompile>
    <ClCompile Include="Source\ui\diabloui.cpp">
      <Filter>ui</Filter>
    </ClCompile>
    <ClCompile Include="Source\ui\dialog.cpp">
      <Filter>ui</Filter>
    </ClCompile>
    <ClCompile Include="Source\ui\main_menu.cpp">
      <Filter>ui</Filter>
    </ClCompile>
    <ClCompile Include="Source\ui\okbox.cpp">
      <Filter>ui</Filter>
    </ClCompile>
    <ClCompile Include="Source\ui\play.cpp">
      <Filter>ui</Filter>
    </ClCompile>
    <ClCompile Include="Source\ui\selhero.cpp">
      <Filter>ui</Filter>
    </ClCompile>
    <ClCompile Include="Source\ui\titlescreen.cpp">
      <Filter>ui</Filter>
    </ClCompile>
    <ClCompile Include="Source\ui\video.cpp">
      <Filter>ui</Filter>
    </ClCompile>
    <ClCompile Include="Source\ui\yesno.cpp">
      <Filter>ui</Filter>
    </ClCompile>
    <ClCompile Include="Source\dx.cpp">
      <Filter>glue</Filter>
    </ClCompile>
    <ClCompile Include="Source\appfat.cpp">
      <Filter>glue</Filter>
    </ClCompile>
    <ClCompile Include="Source\init.cpp">
      <Filter>glue</Filter>
    </ClCompile>
    <ClCompile Include="Source\main.cpp">
      <Filter>glue</Filter>
    </ClCompile>
    <ClCompile Include="Source\sound.cpp">
      <Filter>glue</Filter>
    </ClCompile>
    <ClCompile Include="Source\jsfs.cpp">
      <Filter>glue</Filter>
    </ClCompile>
    <ClCompile Include="Source\trace.cpp">
      <Filter>glue</Filter>
    </ClCompile>
    <ClCompile Include="Source\rmpq\pklib\crc32a.c">
      <Filter>rmpq</Filter>
    </ClCompile>
    <ClCompile Include="Source\zlib\adler32.c">
      <Filter>zlib</Filter>
    </ClCompile>
    <ClCompile Include="Source\zlib\compress.c">
      <Filter>zlib</Filter>
    </ClCompile>
    <ClCompile Include="Source\zlib\crc32.c">
      <Filter>zlib</Filter>
    </ClCompile>
    <ClCompile Include="Source\zlib\deflate.c">
      <Filter>zlib</Filter>
    </ClCompile>
    <ClCompile Include="Source\zlib\infback.c">
      <Filter>zlib</Filter>
    </ClCompile>
    <ClCompile Include="Source\zlib\inffast.c">
      <Filter>zlib</Filter>
    </ClCompile>
    <ClCompile Include="Source\zlib\inflate.c">
      <Filter>zlib</Filter>
    </ClCompile>
    <ClCompile Include="Source\zlib\inftrees.c">
      <Filter>zlib</Filter>
    </ClCompile>
    <ClCompile Include="Source\zlib\trees.c">
      <Filter>zlib</Filter>
    </ClCompile>
    <ClCompile Include="Source\zlib\uncompr.c">
      <Filter>zlib</Filter>
    </ClCompile>
    <ClCompile Include="Source\zlib\zutil.c">
      <Filter>zlib</Filter>
    </ClCompile>
    <ClCompile Include="Source\mp3.cpp">
      <Filter>glue</Filter>
    </ClCompile>
    <ClCompile Include="Source\rmpq\mpqcompress.cpp">
      <Filter>rmpq</Filter>
    </ClCompile>
    <ClCompile Include="Source\net\abstract_net.cpp">
      <Filter>net</Filter>
    </ClCompile>
    <ClCompile Include="Source\net\base.cpp">
      <Filter>net</Filter>
    </ClCompile>
    <ClCompile Include="Source\net\loopback.cpp">
      <Filter>net</Filter>
    </ClCompile>
    <ClCompile Include="Source\storm\snet.cpp">
      <Filter>storm</Filter>
    </ClCompile>
    <ClCompile Include="Source\ui\network.cpp">
      <Filter>ui</Filter>
    </ClCompile>
    <ClCompile Include="Source\nthread.cpp">
      <Filter>glue</Filter>
    </ClCompile>
    <ClCompile Include="Source\dthread.cpp">
      <Filter>glue</Filter>
    </ClCompile>
    <ClCompile Include="Source\net\websocket.cpp">
      <Filter>net</Filter>
    </ClCompile>
    <ClCompile Include="Source\ui\workflow.cpp">
      <Filter>ui</Filter>
    </ClCompile>
  </ItemGroup>
  <ItemGroup>
    <ClInclude Include="Source\automap.h">
      <Filter>Header Files</Filter>
    </ClInclude>
    <ClInclude Include="Source\capture.h">
      <Filter>Header Files</Filter>
    </ClInclude>
    <ClInclude Include="Source\codec.h">
      <Filter>Header Files</Filter>
    </ClInclude>
    <ClInclude Include="Source\control.h">
      <Filter>Header Files</Filter>
    </ClInclude>
    <ClInclude Include="Source\cursor.h">
      <Filter>Header Files</Filter>
    </ClInclude>
    <ClInclude Include="Source\dead.h">
      <Filter>Header Files</Filter>
    </ClInclude>
    <ClInclude Include="Source\debug.h">
      <Filter>Header Files</Filter>
    </ClInclude>
    <ClInclude Include="Source\diablo.h">
      <Filter>Header Files</Filter>
    </ClInclude>
    <ClInclude Include="Source\doom.h">
      <Filter>Header Files</Filter>
    </ClInclude>
    <ClInclude Include="Source\drlg_l1.h">
      <Filter>Header Files</Filter>
    </ClInclude>
    <ClInclude Include="Source\drlg_l2.h">
      <Filter>Header Files</Filter>
    </ClInclude>
    <ClInclude Include="Source\drlg_l3.h">
      <Filter>Header Files</Filter>
    </ClInclude>
    <ClInclude Include="Source\drlg_l4.h">
      <Filter>Header Files</Filter>
    </ClInclude>
    <ClInclude Include="Source\effects.h">
      <Filter>Header Files</Filter>
    </ClInclude>
    <ClInclude Include="Source\encrypt.h">
      <Filter>Header Files</Filter>
    </ClInclude>
    <ClInclude Include="Source\engine.h">
      <Filter>Header Files</Filter>
    </ClInclude>
    <ClInclude Include="Source\error.h">
      <Filter>Header Files</Filter>
    </ClInclude>
    <ClInclude Include="Source\gamemenu.h">
      <Filter>Header Files</Filter>
    </ClInclude>
    <ClInclude Include="Source\gendung.h">
      <Filter>Header Files</Filter>
    </ClInclude>
    <ClInclude Include="Source\gmenu.h">
      <Filter>Header Files</Filter>
    </ClInclude>
    <ClInclude Include="Source\help.h">
      <Filter>Header Files</Filter>
    </ClInclude>
    <ClInclude Include="Source\interfac.h">
      <Filter>Header Files</Filter>
    </ClInclude>
    <ClInclude Include="Source\inv.h">
      <Filter>Header Files</Filter>
    </ClInclude>
    <ClInclude Include="Source\itemdat.h">
      <Filter>Header Files</Filter>
    </ClInclude>
    <ClInclude Include="Source\items.h">
      <Filter>Header Files</Filter>
    </ClInclude>
    <ClInclude Include="Source\lighting.h">
      <Filter>Header Files</Filter>
    </ClInclude>
    <ClInclude Include="Source\list.h">
      <Filter>Header Files</Filter>
    </ClInclude>
    <ClInclude Include="Source\loadsave.h">
      <Filter>Header Files</Filter>
    </ClInclude>
    <ClInclude Include="Source\minitext.h">
      <Filter>Header Files</Filter>
    </ClInclude>
    <ClInclude Include="Source\misdat.h">
      <Filter>Header Files</Filter>
    </ClInclude>
    <ClInclude Include="Source\missiles.h">
      <Filter>Header Files</Filter>
    </ClInclude>
    <ClInclude Include="Source\monstdat.h">
      <Filter>Header Files</Filter>
    </ClInclude>
    <ClInclude Include="Source\monster.h">
      <Filter>Header Files</Filter>
    </ClInclude>
    <ClInclude Include="Source\mpqapi.h">
      <Filter>Header Files</Filter>
    </ClInclude>
    <ClInclude Include="Source\msg.h">
      <Filter>Header Files</Filter>
    </ClInclude>
    <ClInclude Include="Source\msgcmd.h">
      <Filter>Header Files</Filter>
    </ClInclude>
    <ClInclude Include="Source\multi.h">
      <Filter>Header Files</Filter>
    </ClInclude>
    <ClInclude Include="Source\objdat.h">
      <Filter>Header Files</Filter>
    </ClInclude>
    <ClInclude Include="Source\objects.h">
      <Filter>Header Files</Filter>
    </ClInclude>
    <ClInclude Include="Source\pack.h">
      <Filter>Header Files</Filter>
    </ClInclude>
    <ClInclude Include="Source\palette.h">
      <Filter>Header Files</Filter>
    </ClInclude>
    <ClInclude Include="Source\path.h">
      <Filter>Header Files</Filter>
    </ClInclude>
    <ClInclude Include="Source\pfile.h">
      <Filter>Header Files</Filter>
    </ClInclude>
    <ClInclude Include="Source\player.h">
      <Filter>Header Files</Filter>
    </ClInclude>
    <ClInclude Include="Source\plrmsg.h">
      <Filter>Header Files</Filter>
    </ClInclude>
    <ClInclude Include="Source\portal.h">
      <Filter>Header Files</Filter>
    </ClInclude>
    <ClInclude Include="Source\quests.h">
      <Filter>Header Files</Filter>
    </ClInclude>
    <ClInclude Include="Source\render.h">
      <Filter>Header Files</Filter>
    </ClInclude>
    <ClInclude Include="Source\scrollrt.h">
      <Filter>Header Files</Filter>
    </ClInclude>
    <ClInclude Include="Source\setmaps.h">
      <Filter>Header Files</Filter>
    </ClInclude>
    <ClInclude Include="Source\sha.h">
      <Filter>Header Files</Filter>
    </ClInclude>
    <ClInclude Include="Source\spelldat.h">
      <Filter>Header Files</Filter>
    </ClInclude>
    <ClInclude Include="Source\spells.h">
      <Filter>Header Files</Filter>
    </ClInclude>
    <ClInclude Include="Source\stores.h">
      <Filter>Header Files</Filter>
    </ClInclude>
    <ClInclude Include="Source\sync.h">
      <Filter>Header Files</Filter>
    </ClInclude>
    <ClInclude Include="Source\textdat.h">
      <Filter>Header Files</Filter>
    </ClInclude>
    <ClInclude Include="Source\themes.h">
      <Filter>Header Files</Filter>
    </ClInclude>
    <ClInclude Include="Source\tmsg.h">
      <Filter>Header Files</Filter>
    </ClInclude>
    <ClInclude Include="Source\town.h">
      <Filter>Header Files</Filter>
    </ClInclude>
    <ClInclude Include="Source\towners.h">
      <Filter>Header Files</Filter>
    </ClInclude>
    <ClInclude Include="Source\track.h">
      <Filter>Header Files</Filter>
    </ClInclude>
    <ClInclude Include="Source\trigs.h">
      <Filter>Header Files</Filter>
    </ClInclude>
    <ClInclude Include="Source\wave.h">
      <Filter>Header Files</Filter>
    </ClInclude>
    <ClInclude Include="Source\libsmacker\smacker.h">
      <Filter>libsmacker</Filter>
    </ClInclude>
    <ClInclude Include="Source\libsmacker\smk_bitstream.h">
      <Filter>libsmacker</Filter>
    </ClInclude>
    <ClInclude Include="Source\libsmacker\smk_hufftree.h">
      <Filter>libsmacker</Filter>
    </ClInclude>
    <ClInclude Include="Source\libsmacker\smk_malloc.h">
      <Filter>libsmacker</Filter>
    </ClInclude>
    <ClInclude Include="Source\rmpq\archive.h">
      <Filter>rmpq</Filter>
    </ClInclude>
    <ClInclude Include="Source\rmpq\checksum.h">
      <Filter>rmpq</Filter>
    </ClInclude>
    <ClInclude Include="Source\rmpq\common.h">
      <Filter>rmpq</Filter>
    </ClInclude>
    <ClInclude Include="Source\rmpq\file.h">
      <Filter>rmpq</Filter>
    </ClInclude>
    <ClInclude Include="Source\rmpq\locale.h">
      <Filter>rmpq</Filter>
    </ClInclude>
    <ClInclude Include="Source\rmpq\adpcm\adpcm.h">
      <Filter>rmpq</Filter>
    </ClInclude>
    <ClInclude Include="Source\rmpq\huffman\huff.h">
      <Filter>rmpq</Filter>
    </ClInclude>
    <ClInclude Include="Source\rmpq\pklib\pklib.h">
      <Filter>rmpq</Filter>
    </ClInclude>
    <ClInclude Include="Source\storm\storm.h">
      <Filter>storm</Filter>
    </ClInclude>
    <ClInclude Include="Source\ui\common.h">
      <Filter>ui</Filter>
    </ClInclude>
    <ClInclude Include="Source\ui\diabloui.h">
      <Filter>ui</Filter>
    </ClInclude>
    <ClInclude Include="Source\ui\dialog.h">
      <Filter>ui</Filter>
    </ClInclude>
    <ClInclude Include="Source\ui\event.h">
      <Filter>ui</Filter>
    </ClInclude>
    <ClInclude Include="Source\appfat.h">
      <Filter>glue</Filter>
    </ClInclude>
    <ClInclude Include="Source\dx.h">
      <Filter>glue</Filter>
    </ClInclude>
    <ClInclude Include="Source\init.h">
      <Filter>glue</Filter>
    </ClInclude>
    <ClInclude Include="Source\sound.h">
      <Filter>glue</Filter>
    </ClInclude>
    <ClInclude Include="Source\trace.h">
      <Filter>glue</Filter>
    </ClInclude>
    <ClInclude Include="Source\enums.h">
      <Filter>Header Files</Filter>
    </ClInclude>
    <ClInclude Include="Source\structs.h">
      <Filter>Header Files</Filter>
    </ClInclude>
    <ClInclude Include="Source\types.h">
      <Filter>Header Files</Filter>
    </ClInclude>
    <ClInclude Include="Source\defs.h">
      <Filter>Header Files</Filter>
    </ClInclude>
    <ClInclude Include="Source\zlib\crc32.h">
      <Filter>zlib</Filter>
    </ClInclude>
    <ClInclude Include="Source\zlib\deflate.h">
      <Filter>zlib</Filter>
    </ClInclude>
    <ClInclude Include="Source\zlib\inffast.h">
      <Filter>zlib</Filter>
    </ClInclude>
    <ClInclude Include="Source\zlib\inffixed.h">
      <Filter>zlib</Filter>
    </ClInclude>
    <ClInclude Include="Source\zlib\inflate.h">
      <Filter>zlib</Filter>
    </ClInclude>
    <ClInclude Include="Source\zlib\inftrees.h">
      <Filter>zlib</Filter>
    </ClInclude>
    <ClInclude Include="Source\zlib\trees.h">
      <Filter>zlib</Filter>
    </ClInclude>
    <ClInclude Include="Source\zlib\zconf.h">
      <Filter>zlib</Filter>
    </ClInclude>
    <ClInclude Include="Source\zlib\zlib.h">
      <Filter>zlib</Filter>
    </ClInclude>
    <ClInclude Include="Source\zlib\zutil.h">
      <Filter>zlib</Filter>
    </ClInclude>
    <ClInclude Include="resource.h">
      <Filter>Header Files</Filter>
    </ClInclude>
    <ClInclude Include="Source\net\abstract_net.h">
      <Filter>net</Filter>
    </ClInclude>
    <ClInclude Include="Source\net\base.h">
      <Filter>net</Filter>
    </ClInclude>
    <ClInclude Include="Source\net\loopback.h">
      <Filter>net</Filter>
    </ClInclude>
    <ClInclude Include="Source\ui\network.h">
      <Filter>ui</Filter>
    </ClInclude>
    <ClInclude Include="Source\nthread.h">
      <Filter>glue</Filter>
    </ClInclude>
    <ClInclude Include="Source\dthread.h">
      <Filter>glue</Filter>
    </ClInclude>
    <ClInclude Include="Source\net\websocket_native.hpp">
      <Filter>net</Filter>
    </ClInclude>
    <ClInclude Include="Source\net\websocket.h">
      <Filter>net</Filter>
    </ClInclude>
    <ClInclude Include="Source\ui\selhero.h">
      <Filter>ui</Filter>
    </ClInclude>
  </ItemGroup>
  <ItemGroup>
    <None Include="Source\asm_trans_rect.inc">
      <Filter>Header Files</Filter>
    </None>
  </ItemGroup>
  <ItemGroup>
    <ResourceCompile Include="DiabloWeb.rc">
      <Filter>Resource Files</Filter>
    </ResourceCompile>
  </ItemGroup>
  <ItemGroup>
    <Image Include="Diablo.ico">
      <Filter>Resource Files</Filter>
    </Image>
  </ItemGroup>
</Project>